
Microsoft Visual Studio Solution File, Format Version 12.00
# Visual Studio Version 17
VisualStudioVersion = 17.0.31903.59
MinimumVisualStudioVersion = 10.0.40219.1
Project("{2150E333-8FDC-42A3-9474-1A3956D46DE8}") = "src", "src", "{827E0CD3-B72D-47B6-A68D-7590B98EB39B}"
EndProject
Project("{FAE04EC0-301F-11D3-BF4B-00C04F79EFBC}") = "DailyDN.API", "src\DailyDN.API\DailyDN.API.csproj", "{2AC239C4-C745-4865-B478-9EF8BFECE953}"
EndProject
Project("{FAE04EC0-301F-11D3-BF4B-00C04F79EFBC}") = "DailyDN.Application", "src\DailyDN.Application\DailyDN.Application.csproj", "{568EAB98-E9E0-4DA8-922A-A1F6770BC748}"
EndProject
Project("{FAE04EC0-301F-11D3-BF4B-00C04F79EFBC}") = "DailyDN.Domain", "src\DailyDN.Domain\DailyDN.Domain.csproj", "{E03591AC-1D8C-431B-8D12-4E42CF78CA9E}"
EndProject
Project("{FAE04EC0-301F-11D3-BF4B-00C04F79EFBC}") = "DailyDN.Infrastructure", "src\DailyDN.Infrastructure\DailyDN.Infrastructure.csproj", "{13740F88-C67C-406E-B908-D4CB679B1CD7}"
EndProject
Project("{FAE04EC0-301F-11D3-BF4B-00C04F79EFBC}") = "DailyDN.Tests", "src\DailyDN.Tests\DailyDN.Tests.csproj", "{1570A05E-5AA1-43DE-BC3C-8F818D7F00F5}"
EndProject
Global
	GlobalSection(SolutionConfigurationPlatforms) = preSolution
		Debug|Any CPU = Debug|Any CPU
		Debug|x64 = Debug|x64
		Debug|x86 = Debug|x86
		Release|Any CPU = Release|Any CPU
		Release|x64 = Release|x64
		Release|x86 = Release|x86
	EndGlobalSection
	GlobalSection(ProjectConfigurationPlatforms) = postSolution
		{2AC239C4-C745-4865-B478-9EF8BFECE953}.Debug|Any CPU.ActiveCfg = Debug|Any CPU
		{2AC239C4-C745-4865-B478-9EF8BFECE953}.Debug|Any CPU.Build.0 = Debug|Any CPU
		{2AC239C4-C745-4865-B478-9EF8BFECE953}.Debug|x64.ActiveCfg = Debug|Any CPU
		{2AC239C4-C745-4865-B478-9EF8BFECE953}.Debug|x64.Build.0 = Debug|Any CPU
		{2AC239C4-C745-4865-B478-9EF8BFECE953}.Debug|x86.ActiveCfg = Debug|Any CPU
		{2AC239C4-C745-4865-B478-9EF8BFECE953}.Debug|x86.Build.0 = Debug|Any CPU
		{2AC239C4-C745-4865-B478-9EF8BFECE953}.Release|Any CPU.ActiveCfg = Release|Any CPU
		{2AC239C4-C745-4865-B478-9EF8BFECE953}.Release|Any CPU.Build.0 = Release|Any CPU
		{2AC239C4-C745-4865-B478-9EF8BFECE953}.Release|x64.ActiveCfg = Release|Any CPU
		{2AC239C4-C745-4865-B478-9EF8BFECE953}.Release|x64.Build.0 = Release|Any CPU
		{2AC239C4-C745-4865-B478-9EF8BFECE953}.Release|x86.ActiveCfg = Release|Any CPU
		{2AC239C4-C745-4865-B478-9EF8BFECE953}.Release|x86.Build.0 = Release|Any CPU
		{568EAB98-E9E0-4DA8-922A-A1F6770BC748}.Debug|Any CPU.ActiveCfg = Debug|Any CPU
		{568EAB98-E9E0-4DA8-922A-A1F6770BC748}.Debug|Any CPU.Build.0 = Debug|Any CPU
		{568EAB98-E9E0-4DA8-922A-A1F6770BC748}.Debug|x64.ActiveCfg = Debug|Any CPU
		{568EAB98-E9E0-4DA8-922A-A1F6770BC748}.Debug|x64.Build.0 = Debug|Any CPU
		{568EAB98-E9E0-4DA8-922A-A1F6770BC748}.Debug|x86.ActiveCfg = Debug|Any CPU
		{568EAB98-E9E0-4DA8-922A-A1F6770BC748}.Debug|x86.Build.0 = Debug|Any CPU
		{568EAB98-E9E0-4DA8-922A-A1F6770BC748}.Release|Any CPU.ActiveCfg = Release|Any CPU
		{568EAB98-E9E0-4DA8-922A-A1F6770BC748}.Release|Any CPU.Build.0 = Release|Any CPU
		{568EAB98-E9E0-4DA8-922A-A1F6770BC748}.Release|x64.ActiveCfg = Release|Any CPU
		{568EAB98-E9E0-4DA8-922A-A1F6770BC748}.Release|x64.Build.0 = Release|Any CPU
		{568EAB98-E9E0-4DA8-922A-A1F6770BC748}.Release|x86.ActiveCfg = Release|Any CPU
		{568EAB98-E9E0-4DA8-922A-A1F6770BC748}.Release|x86.Build.0 = Release|Any CPU
		{E03591AC-1D8C-431B-8D12-4E42CF78CA9E}.Debug|Any CPU.ActiveCfg = Debug|Any CPU
		{E03591AC-1D8C-431B-8D12-4E42CF78CA9E}.Debug|Any CPU.Build.0 = Debug|Any CPU
		{E03591AC-1D8C-431B-8D12-4E42CF78CA9E}.Debug|x64.ActiveCfg = Debug|Any CPU
		{E03591AC-1D8C-431B-8D12-4E42CF78CA9E}.Debug|x64.Build.0 = Debug|Any CPU
		{E03591AC-1D8C-431B-8D12-4E42CF78CA9E}.Debug|x86.ActiveCfg = Debug|Any CPU
		{E03591AC-1D8C-431B-8D12-4E42CF78CA9E}.Debug|x86.Build.0 = Debug|Any CPU
		{E03591AC-1D8C-431B-8D12-4E42CF78CA9E}.Release|Any CPU.ActiveCfg = Release|Any CPU
		{E03591AC-1D8C-431B-8D12-4E42CF78CA9E}.Release|Any CPU.Build.0 = Release|Any CPU
		{E03591AC-1D8C-431B-8D12-4E42CF78CA9E}.Release|x64.ActiveCfg = Release|Any CPU
		{E03591AC-1D8C-431B-8D12-4E42CF78CA9E}.Release|x64.Build.0 = Release|Any CPU
		{E03591AC-1D8C-431B-8D12-4E42CF78CA9E}.Release|x86.ActiveCfg = Release|Any CPU
		{E03591AC-1D8C-431B-8D12-4E42CF78CA9E}.Release|x86.Build.0 = Release|Any CPU
		{13740F88-C67C-406E-B908-D4CB679B1CD7}.Debug|Any CPU.ActiveCfg = Debug|Any CPU
		{13740F88-C67C-406E-B908-D4CB679B1CD7}.Debug|Any CPU.Build.0 = Debug|Any CPU
		{13740F88-C67C-406E-B908-D4CB679B1CD7}.Debug|x64.ActiveCfg = Debug|Any CPU
		{13740F88-C67C-406E-B908-D4CB679B1CD7}.Debug|x64.Build.0 = Debug|Any CPU
		{13740F88-C67C-406E-B908-D4CB679B1CD7}.Debug|x86.ActiveCfg = Debug|Any CPU
		{13740F88-C67C-406E-B908-D4CB679B1CD7}.Debug|x86.Build.0 = Debug|Any CPU
		{13740F88-C67C-406E-B908-D4CB679B1CD7}.Release|Any CPU.ActiveCfg = Release|Any CPU
		{13740F88-C67C-406E-B908-D4CB679B1CD7}.Release|Any CPU.Build.0 = Release|Any CPU
		{13740F88-C67C-406E-B908-D4CB679B1CD7}.Release|x64.ActiveCfg = Release|Any CPU
		{13740F88-C67C-406E-B908-D4CB679B1CD7}.Release|x64.Build.0 = Release|Any CPU
		{13740F88-C67C-406E-B908-D4CB679B1CD7}.Release|x86.ActiveCfg = Release|Any CPU
		{13740F88-C67C-406E-B908-D4CB679B1CD7}.Release|x86.Build.0 = Release|Any CPU
		{1570A05E-5AA1-43DE-BC3C-8F818D7F00F5}.Debug|Any CPU.ActiveCfg = Debug|Any CPU
		{1570A05E-5AA1-43DE-BC3C-8F818D7F00F5}.Debug|Any CPU.Build.0 = Debug|Any CPU
		{1570A05E-5AA1-43DE-BC3C-8F818D7F00F5}.Debug|x64.ActiveCfg = Debug|Any CPU
		{1570A05E-5AA1-43DE-BC3C-8F818D7F00F5}.Debug|x64.Build.0 = Debug|Any CPU
		{1570A05E-5AA1-43DE-BC3C-8F818D7F00F5}.Debug|x86.ActiveCfg = Debug|Any CPU
		{1570A05E-5AA1-43DE-BC3C-8F818D7F00F5}.Debug|x86.Build.0 = Debug|Any CPU
		{1570A05E-5AA1-43DE-BC3C-8F818D7F00F5}.Release|Any CPU.ActiveCfg = Release|Any CPU
		{1570A05E-5AA1-43DE-BC3C-8F818D7F00F5}.Release|Any CPU.Build.0 = Release|Any CPU
		{1570A05E-5AA1-43DE-BC3C-8F818D7F00F5}.Release|x64.ActiveCfg = Release|Any CPU
		{1570A05E-5AA1-43DE-BC3C-8F818D7F00F5}.Release|x64.Build.0 = Release|Any CPU
		{1570A05E-5AA1-43DE-BC3C-8F818D7F00F5}.Release|x86.ActiveCfg = Release|Any CPU
		{1570A05E-5AA1-43DE-BC3C-8F818D7F00F5}.Release|x86.Build.0 = Release|Any CPU
	EndGlobalSection
	GlobalSection(SolutionProperties) = preSolution
		HideSolutionNode = FALSE
	EndGlobalSection
	GlobalSection(NestedProjects) = preSolution
		{2AC239C4-C745-4865-B478-9EF8BFECE953} = {827E0CD3-B72D-47B6-A68D-7590B98EB39B}
		{568EAB98-E9E0-4DA8-922A-A1F6770BC748} = {827E0CD3-B72D-47B6-A68D-7590B98EB39B}
		{E03591AC-1D8C-431B-8D12-4E42CF78CA9E} = {827E0CD3-B72D-47B6-A68D-7590B98EB39B}
		{13740F88-C67C-406E-B908-D4CB679B1CD7} = {827E0CD3-B72D-47B6-A68D-7590B98EB39B}
		{1570A05E-5AA1-43DE-BC3C-8F818D7F00F5} = {827E0CD3-B72D-47B6-A68D-7590B98EB39B}
	EndGlobalSection
EndGlobal
